
Microsoft Visual Studio Solution File, Format Version 12.00
# Visual Studio Version 16
VisualStudioVersion = 16.0.32126.315
MinimumVisualStudioVersion = 10.0.40219.1
Project("{FAE04EC0-301F-11D3-BF4B-00C04F79EFBC}") = "Pharmacy", "Pharmacy\Pharmacy.csproj", "{5DA254F2-492F-4CF7-BA5C-C6F046D9242A}"
EndProject
Project("{FAE04EC0-301F-11D3-BF4B-00C04F79EFBC}") = "UnitTestDrug", "UnitTestDrug\UnitTestDrug.csproj", "{19610A77-CEED-4A3A-8A8E-BC07B88E778B}"
EndProject
Global
	GlobalSection(SolutionConfigurationPlatforms) = preSolution
		Debug|Any CPU = Debug|Any CPU
		Release|Any CPU = Release|Any CPU
	EndGlobalSection
	GlobalSection(ProjectConfigurationPlatforms) = postSolution
		{5DA254F2-492F-4CF7-BA5C-C6F046D9242A}.Debug|Any CPU.ActiveCfg = Debug|Any CPU
		{5DA254F2-492F-4CF7-BA5C-C6F046D9242A}.Debug|Any CPU.Build.0 = Debug|Any CPU
		{5DA254F2-492F-4CF7-BA5C-C6F046D9242A}.Release|Any CPU.ActiveCfg = Release|Any CPU
		{5DA254F2-492F-4CF7-BA5C-C6F046D9242A}.Release|Any CPU.Build.0 = Release|Any CPU
		{19610A77-CEED-4A3A-8A8E-BC07B88E778B}.Debug|Any CPU.ActiveCfg = Debug|Any CPU
		{19610A77-CEED-4A3A-8A8E-BC07B88E778B}.Debug|Any CPU.Build.0 = Debug|Any CPU
		{19610A77-CEED-4A3A-8A8E-BC07B88E778B}.Release|Any CPU.ActiveCfg = Release|Any CPU
		{19610A77-CEED-4A3A-8A8E-BC07B88E778B}.Release|Any CPU.Build.0 = Release|Any CPU
	EndGlobalSection
	GlobalSection(SolutionProperties) = preSolution
		HideSolutionNode = FALSE
	EndGlobalSection
	GlobalSection(ExtensibilityGlobals) = postSolution
		SolutionGuid = {BBF8F849-FD8D-4093-A1B8-EAD4C6755388}
	EndGlobalSection
EndGlobal
